
Microsoft Visual Studio Solution File, Format Version 12.00
# Visual Studio Version 16
VisualStudioVersion = 16.0.30320.27
MinimumVisualStudioVersion = 10.0.40219.1
Project("{FAE04EC0-301F-11D3-BF4B-00C04F79EFBC}") = "PersonPhone", "PersonPhone.csproj", "{05196DAE-C07F-489C-A12D-306D74AE0FDB}"
EndProject
Global
	GlobalSection(SolutionConfigurationPlatforms) = preSolution
		Debug|Any CPU = Debug|Any CPU
		Release|Any CPU = Release|Any CPU
	EndGlobalSection
	GlobalSection(ProjectConfigurationPlatforms) = postSolution
		{05196DAE-C07F-489C-A12D-306D74AE0FDB}.Debug|Any CPU.ActiveCfg = Debug|Any CPU
		{05196DAE-C07F-489C-A12D-306D74AE0FDB}.Debug|Any CPU.Build.0 = Debug|Any CPU
		{05196DAE-C07F-489C-A12D-306D74AE0FDB}.Release|Any CPU.ActiveCfg = Release|Any CPU
		{05196DAE-C07F-489C-A12D-306D74AE0FDB}.Release|Any CPU.Build.0 = Release|Any CPU
	EndGlobalSection
	GlobalSection(SolutionProperties) = preSolution
		HideSolutionNode = FALSE
	EndGlobalSection
	GlobalSection(ExtensibilityGlobals) = postSolution
		SolutionGuid = {ABCC9734-E561-4CE4-808E-AEB2EAA99CAF}
	EndGlobalSection
EndGlobal
